
Microsoft Visual Studio Solution File, Format Version 12.00
# Visual Studio 15
VisualStudioVersion = 15.0.28307.1927
MinimumVisualStudioVersion = 10.0.40219.1
Project("{FAE04EC0-301F-11D3-BF4B-00C04F79EFBC}") = "LogSystem", "LogSystem\LogSystem.csproj", "{6652CAF3-18F8-44A4-8EB4-45E778A163E6}"
EndProject
Project("{FAE04EC0-301F-11D3-BF4B-00C04F79EFBC}") = "LogLangTest", "LogTest\LogLangTest.csproj", "{D259D028-F624-4D11-AB94-A1F27A2CD18F}"
EndProject
Project("{FAE04EC0-301F-11D3-BF4B-00C04F79EFBC}") = "LangSystem", "LangSystem\LangSystem.csproj", "{8E91BF03-9CAA-4EF7-9A9F-AAE7990209ED}"
EndProject
Project("{FAE04EC0-301F-11D3-BF4B-00C04F79EFBC}") = "WindowTest", "WindowTest\WindowTest.csproj", "{C5E2B763-84D3-442F-B0EE-A49443532BDF}"
EndProject
Global
	GlobalSection(SolutionConfigurationPlatforms) = preSolution
		Debug|Any CPU = Debug|Any CPU
		Release|Any CPU = Release|Any CPU
	EndGlobalSection
	GlobalSection(ProjectConfigurationPlatforms) = postSolution
		{6652CAF3-18F8-44A4-8EB4-45E778A163E6}.Debug|Any CPU.ActiveCfg = Debug|Any CPU
		{6652CAF3-18F8-44A4-8EB4-45E778A163E6}.Debug|Any CPU.Build.0 = Debug|Any CPU
		{6652CAF3-18F8-44A4-8EB4-45E778A163E6}.Release|Any CPU.ActiveCfg = Release|Any CPU
		{6652CAF3-18F8-44A4-8EB4-45E778A163E6}.Release|Any CPU.Build.0 = Release|Any CPU
		{D259D028-F624-4D11-AB94-A1F27A2CD18F}.Debug|Any CPU.ActiveCfg = Debug|Any CPU
		{D259D028-F624-4D11-AB94-A1F27A2CD18F}.Debug|Any CPU.Build.0 = Debug|Any CPU
		{D259D028-F624-4D11-AB94-A1F27A2CD18F}.Release|Any CPU.ActiveCfg = Release|Any CPU
		{D259D028-F624-4D11-AB94-A1F27A2CD18F}.Release|Any CPU.Build.0 = Release|Any CPU
		{8E91BF03-9CAA-4EF7-9A9F-AAE7990209ED}.Debug|Any CPU.ActiveCfg = Debug|Any CPU
		{8E91BF03-9CAA-4EF7-9A9F-AAE7990209ED}.Debug|Any CPU.Build.0 = Debug|Any CPU
		{8E91BF03-9CAA-4EF7-9A9F-AAE7990209ED}.Release|Any CPU.ActiveCfg = Release|Any CPU
		{8E91BF03-9CAA-4EF7-9A9F-AAE7990209ED}.Release|Any CPU.Build.0 = Release|Any CPU
		{C5E2B763-84D3-442F-B0EE-A49443532BDF}.Debug|Any CPU.ActiveCfg = Debug|Any CPU
		{C5E2B763-84D3-442F-B0EE-A49443532BDF}.Debug|Any CPU.Build.0 = Debug|Any CPU
		{C5E2B763-84D3-442F-B0EE-A49443532BDF}.Release|Any CPU.ActiveCfg = Release|Any CPU
		{C5E2B763-84D3-442F-B0EE-A49443532BDF}.Release|Any CPU.Build.0 = Release|Any CPU
	EndGlobalSection
	GlobalSection(SolutionProperties) = preSolution
		HideSolutionNode = FALSE
	EndGlobalSection
	GlobalSection(ExtensibilityGlobals) = postSolution
		SolutionGuid = {734855F3-6A89-4EC9-BC14-E537EC478057}
	EndGlobalSection
EndGlobal
